
Microsoft Visual Studio Solution File, Format Version 12.00
# Visual Studio Version 16
VisualStudioVersion = 16.0.31702.278
MinimumVisualStudioVersion = 10.0.40219.1
Project("{FAE04EC0-301F-11D3-BF4B-00C04F79EFBC}") = "OpenFilesinBatches", "OpenFilesinBatches\OpenFilesinBatches.csproj", "{2ACD74AA-0515-4B4C-9FD2-20390D61398C}"
EndProject
Global
	GlobalSection(SolutionConfigurationPlatforms) = preSolution
		Debug|Any CPU = Debug|Any CPU
		Release|Any CPU = Release|Any CPU
	EndGlobalSection
	GlobalSection(ProjectConfigurationPlatforms) = postSolution
		{2ACD74AA-0515-4B4C-9FD2-20390D61398C}.Debug|Any CPU.ActiveCfg = Debug|Any CPU
		{2ACD74AA-0515-4B4C-9FD2-20390D61398C}.Debug|Any CPU.Build.0 = Debug|Any CPU
		{2ACD74AA-0515-4B4C-9FD2-20390D61398C}.Release|Any CPU.ActiveCfg = Release|Any CPU
		{2ACD74AA-0515-4B4C-9FD2-20390D61398C}.Release|Any CPU.Build.0 = Release|Any CPU
	EndGlobalSection
	GlobalSection(SolutionProperties) = preSolution
		HideSolutionNode = FALSE
	EndGlobalSection
	GlobalSection(ExtensibilityGlobals) = postSolution
		SolutionGuid = {43A3EA4F-F84D-4E7D-88F1-79616FAF0CBA}
	EndGlobalSection
EndGlobal
